
Microsoft Visual Studio Solution File, Format Version 12.00
# Visual Studio 14
VisualStudioVersion = 14.0.25420.1
MinimumVisualStudioVersion = 10.0.40219.1
Project("{FAE04EC0-301F-11D3-BF4B-00C04F79EFBC}") = "testpole", "testpole\testpole.csproj", "{3CDE9679-5303-4F05-96A5-E7FB777B0028}"
EndProject
Global
	GlobalSection(SolutionConfigurationPlatforms) = preSolution
		Debug|Any CPU = Debug|Any CPU
		Release|Any CPU = Release|Any CPU
	EndGlobalSection
	GlobalSection(ProjectConfigurationPlatforms) = postSolution
		{3CDE9679-5303-4F05-96A5-E7FB777B0028}.Debug|Any CPU.ActiveCfg = Debug|Any CPU
		{3CDE9679-5303-4F05-96A5-E7FB777B0028}.Debug|Any CPU.Build.0 = Debug|Any CPU
		{3CDE9679-5303-4F05-96A5-E7FB777B0028}.Release|Any CPU.ActiveCfg = Release|Any CPU
		{3CDE9679-5303-4F05-96A5-E7FB777B0028}.Release|Any CPU.Build.0 = Release|Any CPU
	EndGlobalSection
	GlobalSection(SolutionProperties) = preSolution
		HideSolutionNode = FALSE
	EndGlobalSection
EndGlobal
